
Microsoft Visual Studio Solution File, Format Version 12.00
# Visual Studio Version 17
VisualStudioVersion = 17.11.35208.52
MinimumVisualStudioVersion = 10.0.40219.1
Project("{FAE04EC0-301F-11D3-BF4B-00C04F79EFBC}") = "Quizlunes", "Quizlunes.csproj", "{04C908FB-62E8-407F-B9A1-CAFF74F2D256}"
EndProject
Global
	GlobalSection(SolutionConfigurationPlatforms) = preSolution
		Debug|Any CPU = Debug|Any CPU
		Release|Any CPU = Release|Any CPU
	EndGlobalSection
	GlobalSection(ProjectConfigurationPlatforms) = postSolution
		{04C908FB-62E8-407F-B9A1-CAFF74F2D256}.Debug|Any CPU.ActiveCfg = Debug|Any CPU
		{04C908FB-62E8-407F-B9A1-CAFF74F2D256}.Debug|Any CPU.Build.0 = Debug|Any CPU
		{04C908FB-62E8-407F-B9A1-CAFF74F2D256}.Release|Any CPU.ActiveCfg = Release|Any CPU
		{04C908FB-62E8-407F-B9A1-CAFF74F2D256}.Release|Any CPU.Build.0 = Release|Any CPU
	EndGlobalSection
	GlobalSection(SolutionProperties) = preSolution
		HideSolutionNode = FALSE
	EndGlobalSection
	GlobalSection(ExtensibilityGlobals) = postSolution
		SolutionGuid = {956DADD2-AB2E-46BA-9F71-B700A49807E7}
	EndGlobalSection
EndGlobal
