
Microsoft Visual Studio Solution File, Format Version 12.00
# Visual Studio Version 17
VisualStudioVersion = 17.11.35208.52
MinimumVisualStudioVersion = 10.0.40219.1
Project("{FAE04EC0-301F-11D3-BF4B-00C04F79EFBC}") = "ConsoleApp1", "ConsoleApp1.csproj", "{E15521D8-CC05-4AC6-9728-98FF6CB9CDC1}"
EndProject
Global
	GlobalSection(SolutionConfigurationPlatforms) = preSolution
		Debug|Any CPU = Debug|Any CPU
		Release|Any CPU = Release|Any CPU
	EndGlobalSection
	GlobalSection(ProjectConfigurationPlatforms) = postSolution
		{E15521D8-CC05-4AC6-9728-98FF6CB9CDC1}.Debug|Any CPU.ActiveCfg = Debug|Any CPU
		{E15521D8-CC05-4AC6-9728-98FF6CB9CDC1}.Debug|Any CPU.Build.0 = Debug|Any CPU
		{E15521D8-CC05-4AC6-9728-98FF6CB9CDC1}.Release|Any CPU.ActiveCfg = Release|Any CPU
		{E15521D8-CC05-4AC6-9728-98FF6CB9CDC1}.Release|Any CPU.Build.0 = Release|Any CPU
	EndGlobalSection
	GlobalSection(SolutionProperties) = preSolution
		HideSolutionNode = FALSE
	EndGlobalSection
	GlobalSection(ExtensibilityGlobals) = postSolution
		SolutionGuid = {D069A33D-06D4-4A95-945E-B9AA59714A05}
	EndGlobalSection
EndGlobal
