
Microsoft Visual Studio Solution File, Format Version 12.00
# Visual Studio Version 17
VisualStudioVersion = 17.11.35208.52
MinimumVisualStudioVersion = 10.0.40219.1
Project("{FAE04EC0-301F-11D3-BF4B-00C04F79EFBC}") = "jercicio12", "jercicio12.csproj", "{BE345607-ED09-42AA-83EF-56EAC52A03F9}"
EndProject
Global
	GlobalSection(SolutionConfigurationPlatforms) = preSolution
		Debug|Any CPU = Debug|Any CPU
		Release|Any CPU = Release|Any CPU
	EndGlobalSection
	GlobalSection(ProjectConfigurationPlatforms) = postSolution
		{BE345607-ED09-42AA-83EF-56EAC52A03F9}.Debug|Any CPU.ActiveCfg = Debug|Any CPU
		{BE345607-ED09-42AA-83EF-56EAC52A03F9}.Debug|Any CPU.Build.0 = Debug|Any CPU
		{BE345607-ED09-42AA-83EF-56EAC52A03F9}.Release|Any CPU.ActiveCfg = Release|Any CPU
		{BE345607-ED09-42AA-83EF-56EAC52A03F9}.Release|Any CPU.Build.0 = Release|Any CPU
	EndGlobalSection
	GlobalSection(SolutionProperties) = preSolution
		HideSolutionNode = FALSE
	EndGlobalSection
	GlobalSection(ExtensibilityGlobals) = postSolution
		SolutionGuid = {9D03C0FB-BCCB-4D65-ACDA-EE17D82AD7E4}
	EndGlobalSection
EndGlobal
