
Microsoft Visual Studio Solution File, Format Version 12.00
# Visual Studio Version 17
VisualStudioVersion = 17.11.35208.52
MinimumVisualStudioVersion = 10.0.40219.1
Project("{FAE04EC0-301F-11D3-BF4B-00C04F79EFBC}") = "Ejercicio1_Coordenadas", "Ejercicio1_Coordenadas.csproj", "{21C0AF83-1037-4017-935A-189C3BE436CE}"
EndProject
Global
	GlobalSection(SolutionConfigurationPlatforms) = preSolution
		Debug|Any CPU = Debug|Any CPU
		Release|Any CPU = Release|Any CPU
	EndGlobalSection
	GlobalSection(ProjectConfigurationPlatforms) = postSolution
		{21C0AF83-1037-4017-935A-189C3BE436CE}.Debug|Any CPU.ActiveCfg = Debug|Any CPU
		{21C0AF83-1037-4017-935A-189C3BE436CE}.Debug|Any CPU.Build.0 = Debug|Any CPU
		{21C0AF83-1037-4017-935A-189C3BE436CE}.Release|Any CPU.ActiveCfg = Release|Any CPU
		{21C0AF83-1037-4017-935A-189C3BE436CE}.Release|Any CPU.Build.0 = Release|Any CPU
	EndGlobalSection
	GlobalSection(SolutionProperties) = preSolution
		HideSolutionNode = FALSE
	EndGlobalSection
	GlobalSection(ExtensibilityGlobals) = postSolution
		SolutionGuid = {EACC241A-FAF6-4118-8FC2-2999EB6C4D60}
	EndGlobalSection
EndGlobal
